
Microsoft Visual Studio Solution File, Format Version 12.00
# Visual Studio 2017
Project("{FAE04EC0-301F-11D3-BF4B-00C04F79EFBC}") = "Prototype 6", "Prototype 6.csproj", "{ACE2D2FF-CDF1-D386-3F2A-AFC8B9CDE83D}"
EndProject
Global
	GlobalSection(SolutionConfigurationPlatforms) = preSolution
		Debug|Any CPU = Debug|Any CPU
		Release|Any CPU = Release|Any CPU
	EndGlobalSection
	GlobalSection(ProjectConfigurationPlatforms) = postSolution
		{ACE2D2FF-CDF1-D386-3F2A-AFC8B9CDE83D}.Debug|Any CPU.ActiveCfg = Debug|Any CPU
		{ACE2D2FF-CDF1-D386-3F2A-AFC8B9CDE83D}.Debug|Any CPU.Build.0 = Debug|Any CPU
		{ACE2D2FF-CDF1-D386-3F2A-AFC8B9CDE83D}.Release|Any CPU.ActiveCfg = Release|Any CPU
		{ACE2D2FF-CDF1-D386-3F2A-AFC8B9CDE83D}.Release|Any CPU.Build.0 = Release|Any CPU
	EndGlobalSection
	GlobalSection(SolutionProperties) = preSolution
		HideSolutionNode = FALSE
	EndGlobalSection
EndGlobal
